
Microsoft Visual Studio Solution File, Format Version 12.00
# Visual Studio 2012
Project("{8BC9CEB8-8B4A-11D0-8D11-00A0C91BC942}") = "UDE_Outlook", "UDE_Outlook\UDE_Outlook.vcxproj", "{6D61B8D8-8B6A-43BA-A5C3-138AFB128AC2}"
	ProjectSection(ProjectDependencies) = postProject
		{F8C1D403-B840-4F95-9578-2A6991F218CD} = {F8C1D403-B840-4F95-9578-2A6991F218CD}
		{2F73DB0D-E020-4A17-913E-9FC12CDCC8F1} = {2F73DB0D-E020-4A17-913E-9FC12CDCC8F1}
		{116C0A17-CC31-4264-BA05-66FFB9C08AE3} = {116C0A17-CC31-4264-BA05-66FFB9C08AE3}
		{FAA7B52D-8423-4290-B4F2-1E295A696453} = {FAA7B52D-8423-4290-B4F2-1E295A696453}
		{C51B1245-0F40-49B2-83D6-D7F5E00E0920} = {C51B1245-0F40-49B2-83D6-D7F5E00E0920}
		{B4454D57-A0BB-4474-B034-CC447A610CB8} = {B4454D57-A0BB-4474-B034-CC447A610CB8}
		{2585F35B-D24E-4118-9DA6-5FFC160CD084} = {2585F35B-D24E-4118-9DA6-5FFC160CD084}
		{7DEF5E6D-B856-4837-AE93-81806307BDF9} = {7DEF5E6D-B856-4837-AE93-81806307BDF9}
		{FEF5F16E-E663-4108-AC4D-90977B6CF3A7} = {FEF5F16E-E663-4108-AC4D-90977B6CF3A7}
		{2BDDA071-939B-4FF0-8A15-E02AE13033D8} = {2BDDA071-939B-4FF0-8A15-E02AE13033D8}
		{0EECA672-65D1-4B55-83A9-9423675A853C} = {0EECA672-65D1-4B55-83A9-9423675A853C}
		{9FBCB9A9-44A1-418C-BAB6-F01C5708D483} = {9FBCB9A9-44A1-418C-BAB6-F01C5708D483}
		{754213BC-100D-4DE5-9DFB-E9A81AB9908C} = {754213BC-100D-4DE5-9DFB-E9A81AB9908C}
		{73DB4BBF-3E20-4E26-82CA-C1B99F68C205} = {73DB4BBF-3E20-4E26-82CA-C1B99F68C205}
		{EE1B51E3-0539-4647-AA04-399701BE59D2} = {EE1B51E3-0539-4647-AA04-399701BE59D2}
		{7ABDEDE5-1C3C-47C9-9685-FFCAEE1D66EF} = {7ABDEDE5-1C3C-47C9-9685-FFCAEE1D66EF}
		{530842ED-C2CD-4BE5-BE2E-4EE7CDDBF7E6} = {530842ED-C2CD-4BE5-BE2E-4EE7CDDBF7E6}
		{89E621EF-8E84-4A17-865D-1275BB75E923} = {89E621EF-8E84-4A17-865D-1275BB75E923}
		{981036F3-C50A-449E-85C3-65031D247A84} = {981036F3-C50A-449E-85C3-65031D247A84}
		{B39ABBF3-0A95-46C4-83FB-8407AFDF2417} = {B39ABBF3-0A95-46C4-83FB-8407AFDF2417}
		{192B5CFC-482A-484A-BE49-513B878B4007} = {192B5CFC-482A-484A-BE49-513B878B4007}
	EndProjectSection
EndProject
Project("{8BC9CEB8-8B4A-11D0-8D11-00A0C91BC942}") = "BlActiveXDll", "BlActiveXDll\BlActiveXDll.vcxproj", "{0E73842E-3233-4075-94AB-46FA327E200D}"
EndProject
Project("{8BC9CEB8-8B4A-11D0-8D11-00A0C91BC942}") = "BlendWndDll", "BlendWndDll\BlendWndDll.vcxproj", "{B39ABBF3-0A95-46C4-83FB-8407AFDF2417}"
	ProjectSection(ProjectDependencies) = postProject
		{0E73842E-3233-4075-94AB-46FA327E200D} = {0E73842E-3233-4075-94AB-46FA327E200D}
	EndProjectSection
EndProject
Project("{8BC9CEB8-8B4A-11D0-8D11-00A0C91BC942}") = "ExcelDll", "ExcelDll\ExcelDll.vcxproj", "{981036F3-C50A-449E-85C3-65031D247A84}"
EndProject
Project("{8BC9CEB8-8B4A-11D0-8D11-00A0C91BC942}") = "RegisterDll", "RegisterDll\RegisterDll.vcxproj", "{EE1B51E3-0539-4647-AA04-399701BE59D2}"
	ProjectSection(ProjectDependencies) = postProject
		{C51B1245-0F40-49B2-83D6-D7F5E00E0920} = {C51B1245-0F40-49B2-83D6-D7F5E00E0920}
	EndProjectSection
EndProject
Project("{8BC9CEB8-8B4A-11D0-8D11-00A0C91BC942}") = "ImgProcDll", "ImgProcDll\ImgProcDll.vcxproj", "{A90087BF-7698-42D6-AD51-711E32EE451A}"
	ProjectSection(ProjectDependencies) = postProject
		{0210ED7F-02B1-4811-8317-AB7B83D70B79} = {0210ED7F-02B1-4811-8317-AB7B83D70B79}
	EndProjectSection
EndProject
Project("{8BC9CEB8-8B4A-11D0-8D11-00A0C91BC942}") = "StaticCtrlDll", "StaticCtrlDll\StaticCtrlDll.vcxproj", "{0210ED7F-02B1-4811-8317-AB7B83D70B79}"
EndProject
Project("{8BC9CEB8-8B4A-11D0-8D11-00A0C91BC942}") = "CRCDll", "CRCDll\CRCDll.vcxproj", "{7DEF5E6D-B856-4837-AE93-81806307BDF9}"
EndProject
Project("{8BC9CEB8-8B4A-11D0-8D11-00A0C91BC942}") = "FindFileDll", "FindFileDll\FindFileDll.vcxproj", "{9FBCB9A9-44A1-418C-BAB6-F01C5708D483}"
EndProject
Project("{8BC9CEB8-8B4A-11D0-8D11-00A0C91BC942}") = "SenTechCamDll", "SenTechCamDll\SenTechCamDll.vcxproj", "{2BDDA071-939B-4FF0-8A15-E02AE13033D8}"
	ProjectSection(ProjectDependencies) = postProject
		{0E73842E-3233-4075-94AB-46FA327E200D} = {0E73842E-3233-4075-94AB-46FA327E200D}
		{0210ED7F-02B1-4811-8317-AB7B83D70B79} = {0210ED7F-02B1-4811-8317-AB7B83D70B79}
		{B39ABBF3-0A95-46C4-83FB-8407AFDF2417} = {B39ABBF3-0A95-46C4-83FB-8407AFDF2417}
	EndProjectSection
EndProject
Project("{8BC9CEB8-8B4A-11D0-8D11-00A0C91BC942}") = "CamMgrDll", "CamMgrDll\CamMgrDll.vcxproj", "{0EECA672-65D1-4B55-83A9-9423675A853C}"
EndProject
Project("{8BC9CEB8-8B4A-11D0-8D11-00A0C91BC942}") = "BlendFigureDll", "BlendFigureDll\BlendFigureDll.vcxproj", "{192B5CFC-482A-484A-BE49-513B878B4007}"
EndProject
Project("{8BC9CEB8-8B4A-11D0-8D11-00A0C91BC942}") = "LocatorPtDll", "LocatorPtDll\LocatorPtDll.vcxproj", "{2585F35B-D24E-4118-9DA6-5FFC160CD084}"
	ProjectSection(ProjectDependencies) = postProject
		{A90087BF-7698-42D6-AD51-711E32EE451A} = {A90087BF-7698-42D6-AD51-711E32EE451A}
		{B39ABBF3-0A95-46C4-83FB-8407AFDF2417} = {B39ABBF3-0A95-46C4-83FB-8407AFDF2417}
	EndProjectSection
EndProject
Project("{8BC9CEB8-8B4A-11D0-8D11-00A0C91BC942}") = "LightDll", "LightDll\LightDll.vcxproj", "{2F73DB0D-E020-4A17-913E-9FC12CDCC8F1}"
	ProjectSection(ProjectDependencies) = postProject
		{B4454D57-A0BB-4474-B034-CC447A610CB8} = {B4454D57-A0BB-4474-B034-CC447A610CB8}
	EndProjectSection
EndProject
Project("{8BC9CEB8-8B4A-11D0-8D11-00A0C91BC942}") = "LocatorDistanceDll", "LocatorDistanceDll\LocatorDistanceDll.vcxproj", "{73DB4BBF-3E20-4E26-82CA-C1B99F68C205}"
	ProjectSection(ProjectDependencies) = postProject
		{0E73842E-3233-4075-94AB-46FA327E200D} = {0E73842E-3233-4075-94AB-46FA327E200D}
		{B39ABBF3-0A95-46C4-83FB-8407AFDF2417} = {B39ABBF3-0A95-46C4-83FB-8407AFDF2417}
	EndProjectSection
EndProject
Project("{8BC9CEB8-8B4A-11D0-8D11-00A0C91BC942}") = "TestConfiguraDll", "TestConfiguraDll\TestConfiguraDll.vcxproj", "{754213BC-100D-4DE5-9DFB-E9A81AB9908C}"
	ProjectSection(ProjectDependencies) = postProject
		{19600902-960E-471B-B117-186681BAF35B} = {19600902-960E-471B-B117-186681BAF35B}
		{848B2C48-AD3B-493D-968E-A482BD9961C2} = {848B2C48-AD3B-493D-968E-A482BD9961C2}
	EndProjectSection
EndProject
Project("{8BC9CEB8-8B4A-11D0-8D11-00A0C91BC942}") = "USBCamDll", "USBCamDll\USBCamDll.vcxproj", "{89E621EF-8E84-4A17-865D-1275BB75E923}"
EndProject
Project("{8BC9CEB8-8B4A-11D0-8D11-00A0C91BC942}") = "TestResultDll", "TestResultDll\TestResultDll.vcxproj", "{530842ED-C2CD-4BE5-BE2E-4EE7CDDBF7E6}"
	ProjectSection(ProjectDependencies) = postProject
		{0E73842E-3233-4075-94AB-46FA327E200D} = {0E73842E-3233-4075-94AB-46FA327E200D}
		{9FBCB9A9-44A1-418C-BAB6-F01C5708D483} = {9FBCB9A9-44A1-418C-BAB6-F01C5708D483}
		{B39ABBF3-0A95-46C4-83FB-8407AFDF2417} = {B39ABBF3-0A95-46C4-83FB-8407AFDF2417}
		{192B5CFC-482A-484A-BE49-513B878B4007} = {192B5CFC-482A-484A-BE49-513B878B4007}
	EndProjectSection
EndProject
Project("{8BC9CEB8-8B4A-11D0-8D11-00A0C91BC942}") = "MachineLearningDll", "MachineLearningDll\MachineLearningDll.vcxproj", "{19600902-960E-471B-B117-186681BAF35B}"
	ProjectSection(ProjectDependencies) = postProject
		{A90087BF-7698-42D6-AD51-711E32EE451A} = {A90087BF-7698-42D6-AD51-711E32EE451A}
		{B39ABBF3-0A95-46C4-83FB-8407AFDF2417} = {B39ABBF3-0A95-46C4-83FB-8407AFDF2417}
	EndProjectSection
EndProject
Project("{8BC9CEB8-8B4A-11D0-8D11-00A0C91BC942}") = "CodeSystemDll", "CodeSystemDll\CodeSystemDll.vcxproj", "{7ABDEDE5-1C3C-47C9-9685-FFCAEE1D66EF}"
	ProjectSection(ProjectDependencies) = postProject
		{A90087BF-7698-42D6-AD51-711E32EE451A} = {A90087BF-7698-42D6-AD51-711E32EE451A}
		{B39ABBF3-0A95-46C4-83FB-8407AFDF2417} = {B39ABBF3-0A95-46C4-83FB-8407AFDF2417}
	EndProjectSection
EndProject
Project("{8BC9CEB8-8B4A-11D0-8D11-00A0C91BC942}") = "NetworkDll", "NetworkDll\NetworkDll.vcxproj", "{B4454D57-A0BB-4474-B034-CC447A610CB8}"
	ProjectSection(ProjectDependencies) = postProject
		{0E73842E-3233-4075-94AB-46FA327E200D} = {0E73842E-3233-4075-94AB-46FA327E200D}
		{B39ABBF3-0A95-46C4-83FB-8407AFDF2417} = {B39ABBF3-0A95-46C4-83FB-8407AFDF2417}
		{192B5CFC-482A-484A-BE49-513B878B4007} = {192B5CFC-482A-484A-BE49-513B878B4007}
	EndProjectSection
EndProject
Project("{8BC9CEB8-8B4A-11D0-8D11-00A0C91BC942}") = "MiscKitDll", "MiscKitDll\MiscKitDll.vcxproj", "{C51B1245-0F40-49B2-83D6-D7F5E00E0920}"
EndProject
Project("{8BC9CEB8-8B4A-11D0-8D11-00A0C91BC942}") = "DatabaseDll", "DatabaseDll\DatabaseDll.vcxproj", "{FAA7B52D-8423-4290-B4F2-1E295A696453}"
EndProject
Project("{8BC9CEB8-8B4A-11D0-8D11-00A0C91BC942}") = "DeepLearnDll", "DeepLearnDll\DeepLearnDll.vcxproj", "{848B2C48-AD3B-493D-968E-A482BD9961C2}"
EndProject
Project("{8BC9CEB8-8B4A-11D0-8D11-00A0C91BC942}") = "CameraCalibrationDll", "CameraCalibrationDll\CameraCalibrationDll.vcxproj", "{116C0A17-CC31-4264-BA05-66FFB9C08AE3}"
EndProject
Project("{8BC9CEB8-8B4A-11D0-8D11-00A0C91BC942}") = "SoftwareManageDll", "SoftwareManageDll\SoftwareManageDll.vcxproj", "{FEF5F16E-E663-4108-AC4D-90977B6CF3A7}"
EndProject
Project("{8BC9CEB8-8B4A-11D0-8D11-00A0C91BC942}") = "CodeLoggerDll", "CodeLoggerDll\CodeLoggerDll.vcxproj", "{F8C1D403-B840-4F95-9578-2A6991F218CD}"
EndProject
Global
	GlobalSection(SolutionConfigurationPlatforms) = preSolution
		Debug|Win32 = Debug|Win32
		Release|Win32 = Release|Win32
	EndGlobalSection
	GlobalSection(ProjectConfigurationPlatforms) = postSolution
		{6D61B8D8-8B6A-43BA-A5C3-138AFB128AC2}.Debug|Win32.ActiveCfg = Debug|Win32
		{6D61B8D8-8B6A-43BA-A5C3-138AFB128AC2}.Debug|Win32.Build.0 = Debug|Win32
		{6D61B8D8-8B6A-43BA-A5C3-138AFB128AC2}.Release|Win32.ActiveCfg = Release|Win32
		{6D61B8D8-8B6A-43BA-A5C3-138AFB128AC2}.Release|Win32.Build.0 = Release|Win32
		{0E73842E-3233-4075-94AB-46FA327E200D}.Debug|Win32.ActiveCfg = Debug|Win32
		{0E73842E-3233-4075-94AB-46FA327E200D}.Debug|Win32.Build.0 = Debug|Win32
		{0E73842E-3233-4075-94AB-46FA327E200D}.Release|Win32.ActiveCfg = Release|Win32
		{0E73842E-3233-4075-94AB-46FA327E200D}.Release|Win32.Build.0 = Release|Win32
		{B39ABBF3-0A95-46C4-83FB-8407AFDF2417}.Debug|Win32.ActiveCfg = Debug|Win32
		{B39ABBF3-0A95-46C4-83FB-8407AFDF2417}.Debug|Win32.Build.0 = Debug|Win32
		{B39ABBF3-0A95-46C4-83FB-8407AFDF2417}.Release|Win32.ActiveCfg = Release|Win32
		{B39ABBF3-0A95-46C4-83FB-8407AFDF2417}.Release|Win32.Build.0 = Release|Win32
		{981036F3-C50A-449E-85C3-65031D247A84}.Debug|Win32.ActiveCfg = Debug|Win32
		{981036F3-C50A-449E-85C3-65031D247A84}.Debug|Win32.Build.0 = Debug|Win32
		{981036F3-C50A-449E-85C3-65031D247A84}.Release|Win32.ActiveCfg = Release|Win32
		{981036F3-C50A-449E-85C3-65031D247A84}.Release|Win32.Build.0 = Release|Win32
		{EE1B51E3-0539-4647-AA04-399701BE59D2}.Debug|Win32.ActiveCfg = Debug|Win32
		{EE1B51E3-0539-4647-AA04-399701BE59D2}.Debug|Win32.Build.0 = Debug|Win32
		{EE1B51E3-0539-4647-AA04-399701BE59D2}.Release|Win32.ActiveCfg = Release|Win32
		{EE1B51E3-0539-4647-AA04-399701BE59D2}.Release|Win32.Build.0 = Release|Win32
		{A90087BF-7698-42D6-AD51-711E32EE451A}.Debug|Win32.ActiveCfg = Debug|Win32
		{A90087BF-7698-42D6-AD51-711E32EE451A}.Debug|Win32.Build.0 = Debug|Win32
		{A90087BF-7698-42D6-AD51-711E32EE451A}.Release|Win32.ActiveCfg = Release|Win32
		{A90087BF-7698-42D6-AD51-711E32EE451A}.Release|Win32.Build.0 = Release|Win32
		{0210ED7F-02B1-4811-8317-AB7B83D70B79}.Debug|Win32.ActiveCfg = Debug|Win32
		{0210ED7F-02B1-4811-8317-AB7B83D70B79}.Debug|Win32.Build.0 = Debug|Win32
		{0210ED7F-02B1-4811-8317-AB7B83D70B79}.Release|Win32.ActiveCfg = Release|Win32
		{0210ED7F-02B1-4811-8317-AB7B83D70B79}.Release|Win32.Build.0 = Release|Win32
		{7DEF5E6D-B856-4837-AE93-81806307BDF9}.Debug|Win32.ActiveCfg = Debug|Win32
		{7DEF5E6D-B856-4837-AE93-81806307BDF9}.Debug|Win32.Build.0 = Debug|Win32
		{7DEF5E6D-B856-4837-AE93-81806307BDF9}.Release|Win32.ActiveCfg = Release|Win32
		{7DEF5E6D-B856-4837-AE93-81806307BDF9}.Release|Win32.Build.0 = Release|Win32
		{9FBCB9A9-44A1-418C-BAB6-F01C5708D483}.Debug|Win32.ActiveCfg = Debug|Win32
		{9FBCB9A9-44A1-418C-BAB6-F01C5708D483}.Debug|Win32.Build.0 = Debug|Win32
		{9FBCB9A9-44A1-418C-BAB6-F01C5708D483}.Release|Win32.ActiveCfg = Release|Win32
		{9FBCB9A9-44A1-418C-BAB6-F01C5708D483}.Release|Win32.Build.0 = Release|Win32
		{2BDDA071-939B-4FF0-8A15-E02AE13033D8}.Debug|Win32.ActiveCfg = Debug|Win32
		{2BDDA071-939B-4FF0-8A15-E02AE13033D8}.Debug|Win32.Build.0 = Debug|Win32
		{2BDDA071-939B-4FF0-8A15-E02AE13033D8}.Release|Win32.ActiveCfg = Release|Win32
		{2BDDA071-939B-4FF0-8A15-E02AE13033D8}.Release|Win32.Build.0 = Release|Win32
		{0EECA672-65D1-4B55-83A9-9423675A853C}.Debug|Win32.ActiveCfg = Debug|Win32
		{0EECA672-65D1-4B55-83A9-9423675A853C}.Debug|Win32.Build.0 = Debug|Win32
		{0EECA672-65D1-4B55-83A9-9423675A853C}.Release|Win32.ActiveCfg = Release|Win32
		{0EECA672-65D1-4B55-83A9-9423675A853C}.Release|Win32.Build.0 = Release|Win32
		{192B5CFC-482A-484A-BE49-513B878B4007}.Debug|Win32.ActiveCfg = Debug|Win32
		{192B5CFC-482A-484A-BE49-513B878B4007}.Debug|Win32.Build.0 = Debug|Win32
		{192B5CFC-482A-484A-BE49-513B878B4007}.Release|Win32.ActiveCfg = Release|Win32
		{192B5CFC-482A-484A-BE49-513B878B4007}.Release|Win32.Build.0 = Release|Win32
		{2585F35B-D24E-4118-9DA6-5FFC160CD084}.Debug|Win32.ActiveCfg = Debug|Win32
		{2585F35B-D24E-4118-9DA6-5FFC160CD084}.Debug|Win32.Build.0 = Debug|Win32
		{2585F35B-D24E-4118-9DA6-5FFC160CD084}.Release|Win32.ActiveCfg = Release|Win32
		{2585F35B-D24E-4118-9DA6-5FFC160CD084}.Release|Win32.Build.0 = Release|Win32
		{2F73DB0D-E020-4A17-913E-9FC12CDCC8F1}.Debug|Win32.ActiveCfg = Debug|Win32
		{2F73DB0D-E020-4A17-913E-9FC12CDCC8F1}.Debug|Win32.Build.0 = Debug|Win32
		{2F73DB0D-E020-4A17-913E-9FC12CDCC8F1}.Release|Win32.ActiveCfg = Release|Win32
		{2F73DB0D-E020-4A17-913E-9FC12CDCC8F1}.Release|Win32.Build.0 = Release|Win32
		{73DB4BBF-3E20-4E26-82CA-C1B99F68C205}.Debug|Win32.ActiveCfg = Debug|Win32
		{73DB4BBF-3E20-4E26-82CA-C1B99F68C205}.Debug|Win32.Build.0 = Debug|Win32
		{73DB4BBF-3E20-4E26-82CA-C1B99F68C205}.Release|Win32.ActiveCfg = Release|Win32
		{73DB4BBF-3E20-4E26-82CA-C1B99F68C205}.Release|Win32.Build.0 = Release|Win32
		{754213BC-100D-4DE5-9DFB-E9A81AB9908C}.Debug|Win32.ActiveCfg = Debug|Win32
		{754213BC-100D-4DE5-9DFB-E9A81AB9908C}.Debug|Win32.Build.0 = Debug|Win32
		{754213BC-100D-4DE5-9DFB-E9A81AB9908C}.Release|Win32.ActiveCfg = Release|Win32
		{754213BC-100D-4DE5-9DFB-E9A81AB9908C}.Release|Win32.Build.0 = Release|Win32
		{89E621EF-8E84-4A17-865D-1275BB75E923}.Debug|Win32.ActiveCfg = Debug|Win32
		{89E621EF-8E84-4A17-865D-1275BB75E923}.Debug|Win32.Build.0 = Debug|Win32
		{89E621EF-8E84-4A17-865D-1275BB75E923}.Release|Win32.ActiveCfg = Release|Win32
		{89E621EF-8E84-4A17-865D-1275BB75E923}.Release|Win32.Build.0 = Release|Win32
		{530842ED-C2CD-4BE5-BE2E-4EE7CDDBF7E6}.Debug|Win32.ActiveCfg = Debug|Win32
		{530842ED-C2CD-4BE5-BE2E-4EE7CDDBF7E6}.Debug|Win32.Build.0 = Debug|Win32
		{530842ED-C2CD-4BE5-BE2E-4EE7CDDBF7E6}.Release|Win32.ActiveCfg = Release|Win32
		{530842ED-C2CD-4BE5-BE2E-4EE7CDDBF7E6}.Release|Win32.Build.0 = Release|Win32
		{19600902-960E-471B-B117-186681BAF35B}.Debug|Win32.ActiveCfg = Debug|Win32
		{19600902-960E-471B-B117-186681BAF35B}.Debug|Win32.Build.0 = Debug|Win32
		{19600902-960E-471B-B117-186681BAF35B}.Release|Win32.ActiveCfg = Release|Win32
		{19600902-960E-471B-B117-186681BAF35B}.Release|Win32.Build.0 = Release|Win32
		{7ABDEDE5-1C3C-47C9-9685-FFCAEE1D66EF}.Debug|Win32.ActiveCfg = Debug|Win32
		{7ABDEDE5-1C3C-47C9-9685-FFCAEE1D66EF}.Debug|Win32.Build.0 = Debug|Win32
		{7ABDEDE5-1C3C-47C9-9685-FFCAEE1D66EF}.Release|Win32.ActiveCfg = Release|Win32
		{7ABDEDE5-1C3C-47C9-9685-FFCAEE1D66EF}.Release|Win32.Build.0 = Release|Win32
		{B4454D57-A0BB-4474-B034-CC447A610CB8}.Debug|Win32.ActiveCfg = Debug|Win32
		{B4454D57-A0BB-4474-B034-CC447A610CB8}.Debug|Win32.Build.0 = Debug|Win32
		{B4454D57-A0BB-4474-B034-CC447A610CB8}.Release|Win32.ActiveCfg = Release|Win32
		{B4454D57-A0BB-4474-B034-CC447A610CB8}.Release|Win32.Build.0 = Release|Win32
		{C51B1245-0F40-49B2-83D6-D7F5E00E0920}.Debug|Win32.ActiveCfg = Debug|Win32
		{C51B1245-0F40-49B2-83D6-D7F5E00E0920}.Debug|Win32.Build.0 = Debug|Win32
		{C51B1245-0F40-49B2-83D6-D7F5E00E0920}.Release|Win32.ActiveCfg = Release|Win32
		{C51B1245-0F40-49B2-83D6-D7F5E00E0920}.Release|Win32.Build.0 = Release|Win32
		{FAA7B52D-8423-4290-B4F2-1E295A696453}.Debug|Win32.ActiveCfg = Debug|Win32
		{FAA7B52D-8423-4290-B4F2-1E295A696453}.Debug|Win32.Build.0 = Debug|Win32
		{FAA7B52D-8423-4290-B4F2-1E295A696453}.Release|Win32.ActiveCfg = Release|Win32
		{FAA7B52D-8423-4290-B4F2-1E295A696453}.Release|Win32.Build.0 = Release|Win32
		{848B2C48-AD3B-493D-968E-A482BD9961C2}.Debug|Win32.ActiveCfg = Debug|Win32
		{848B2C48-AD3B-493D-968E-A482BD9961C2}.Debug|Win32.Build.0 = Debug|Win32
		{848B2C48-AD3B-493D-968E-A482BD9961C2}.Release|Win32.ActiveCfg = Release|Win32
		{848B2C48-AD3B-493D-968E-A482BD9961C2}.Release|Win32.Build.0 = Release|Win32
		{116C0A17-CC31-4264-BA05-66FFB9C08AE3}.Debug|Win32.ActiveCfg = Debug|Win32
		{116C0A17-CC31-4264-BA05-66FFB9C08AE3}.Debug|Win32.Build.0 = Debug|Win32
		{116C0A17-CC31-4264-BA05-66FFB9C08AE3}.Release|Win32.ActiveCfg = Release|Win32
		{116C0A17-CC31-4264-BA05-66FFB9C08AE3}.Release|Win32.Build.0 = Release|Win32
		{FEF5F16E-E663-4108-AC4D-90977B6CF3A7}.Debug|Win32.ActiveCfg = Debug|Win32
		{FEF5F16E-E663-4108-AC4D-90977B6CF3A7}.Debug|Win32.Build.0 = Debug|Win32
		{FEF5F16E-E663-4108-AC4D-90977B6CF3A7}.Release|Win32.ActiveCfg = Release|Win32
		{FEF5F16E-E663-4108-AC4D-90977B6CF3A7}.Release|Win32.Build.0 = Release|Win32
		{F8C1D403-B840-4F95-9578-2A6991F218CD}.Debug|Win32.ActiveCfg = Debug|Win32
		{F8C1D403-B840-4F95-9578-2A6991F218CD}.Debug|Win32.Build.0 = Debug|Win32
		{F8C1D403-B840-4F95-9578-2A6991F218CD}.Release|Win32.ActiveCfg = Release|Win32
		{F8C1D403-B840-4F95-9578-2A6991F218CD}.Release|Win32.Build.0 = Release|Win32
	EndGlobalSection
	GlobalSection(SolutionProperties) = preSolution
		HideSolutionNode = FALSE
	EndGlobalSection
EndGlobal
