<?xml version="1.0" encoding="utf-8"?>
<Project ToolsVersion="4.0" xmlns="http://schemas.microsoft.com/developer/msbuild/2003">
  <ItemGroup>
    <Filter Include="源文件">
      <UniqueIdentifier>{4FC737F1-C7A5-4376-A066-2A32D752A2FF}</UniqueIdentifier>
      <Extensions>cpp;c;cc;cxx;def;odl;idl;hpj;bat;asm;asmx</Extensions>
    </Filter>
    <Filter Include="头文件">
      <UniqueIdentifier>{93995380-89BD-4b04-88EB-625FBE52EBFB}</UniqueIdentifier>
      <Extensions>h;hpp;hxx;hm;inl;inc;xsd</Extensions>
    </Filter>
    <Filter Include="资源文件">
      <UniqueIdentifier>{67DA6AB6-F800-4c08-8B7A-83BB121AAD01}</UniqueIdentifier>
      <Extensions>rc;ico;cur;bmp;dlg;rc2;rct;bin;rgs;gif;jpg;jpeg;jpe;resx;tiff;tif;png;wav;mfcribbon-ms</Extensions>
    </Filter>
  </ItemGroup>
  <ItemGroup>
    <Text Include="ReadMe.txt" />
  </ItemGroup>
  <ItemGroup>
    <ClCompile Include="BlendWndDll.cpp">
      <Filter>源文件</Filter>
    </ClCompile>
    <ClCompile Include="dllmain.cpp">
      <Filter>源文件</Filter>
    </ClCompile>
    <ClCompile Include="stdafx.cpp">
      <Filter>源文件</Filter>
    </ClCompile>
    <ClCompile Include="AppBase.cpp">
      <Filter>源文件</Filter>
    </ClCompile>
    <ClCompile Include="BtLayerWnd.cpp">
      <Filter>源文件</Filter>
    </ClCompile>
    <ClCompile Include="TpLayerWnd.cpp">
      <Filter>源文件</Filter>
    </ClCompile>
    <ClCompile Include="TopBlur.cpp">
      <Filter>源文件</Filter>
    </ClCompile>
    <ClCompile Include="MsgLayer.cpp">
      <Filter>源文件</Filter>
    </ClCompile>
    <ClCompile Include="PopRtMenu.cpp">
      <Filter>源文件</Filter>
    </ClCompile>
    <ClCompile Include="RtMenuSpy.cpp">
      <Filter>源文件</Filter>
    </ClCompile>
    <ClCompile Include="AboutInfo.cpp">
      <Filter>源文件</Filter>
    </ClCompile>
    <ClCompile Include="PathBrowse.cpp">
      <Filter>源文件</Filter>
    </ClCompile>
    <ClCompile Include="PsdMgr.cpp">
      <Filter>源文件</Filter>
    </ClCompile>
    <ClCompile Include="DataReport.cpp">
      <Filter>源文件</Filter>
    </ClCompile>
    <ClCompile Include="NgWarnLimit.cpp">
      <Filter>源文件</Filter>
    </ClCompile>
    <ClCompile Include="ResHolder.cpp">
      <Filter>源文件</Filter>
    </ClCompile>
    <ClCompile Include="StdRuler.cpp">
      <Filter>源文件</Filter>
    </ClCompile>
    <ClCompile Include="TstImgHoldDays.cpp">
      <Filter>源文件</Filter>
    </ClCompile>
    <ClCompile Include="AutoLockTime.cpp">
      <Filter>源文件</Filter>
    </ClCompile>
    <ClCompile Include="StartDelay.cpp">
      <Filter>源文件</Filter>
    </ClCompile>
  </ItemGroup>
  <ItemGroup>
    <None Include="BlendWndDll.def">
      <Filter>源文件</Filter>
    </None>
    <None Include="res\BlendWndDll.rc2">
      <Filter>资源文件</Filter>
    </None>
  </ItemGroup>
  <ItemGroup>
    <ClInclude Include="stdafx.h">
      <Filter>头文件</Filter>
    </ClInclude>
    <ClInclude Include="targetver.h">
      <Filter>头文件</Filter>
    </ClInclude>
    <ClInclude Include="Resource.h">
      <Filter>头文件</Filter>
    </ClInclude>
    <ClInclude Include="Blender.h">
      <Filter>头文件</Filter>
    </ClInclude>
    <ClInclude Include="MsgBox.h">
      <Filter>头文件</Filter>
    </ClInclude>
    <ClInclude Include="AppBase.h">
      <Filter>头文件</Filter>
    </ClInclude>
    <ClInclude Include="BtLayerWnd.h">
      <Filter>头文件</Filter>
    </ClInclude>
    <ClInclude Include="TpLayerWnd.h">
      <Filter>头文件</Filter>
    </ClInclude>
    <ClInclude Include="TopBlur.h">
      <Filter>头文件</Filter>
    </ClInclude>
    <ClInclude Include="MsgLayer.h">
      <Filter>头文件</Filter>
    </ClInclude>
    <ClInclude Include="PopRtMenu.h">
      <Filter>头文件</Filter>
    </ClInclude>
    <ClInclude Include="RtMenuSpy.h">
      <Filter>头文件</Filter>
    </ClInclude>
    <ClInclude Include="AboutInfo.h">
      <Filter>头文件</Filter>
    </ClInclude>
    <ClInclude Include="BlendWnds.h">
      <Filter>头文件</Filter>
    </ClInclude>
    <ClInclude Include="PathBrowse.h">
      <Filter>头文件</Filter>
    </ClInclude>
    <ClInclude Include="PsdMgr.h">
      <Filter>头文件</Filter>
    </ClInclude>
    <ClInclude Include="DataReport.h">
      <Filter>头文件</Filter>
    </ClInclude>
    <ClInclude Include="NgWarnLimit.h">
      <Filter>头文件</Filter>
    </ClInclude>
    <ClInclude Include="ResHolder.h">
      <Filter>头文件</Filter>
    </ClInclude>
    <ClInclude Include="StdRuler.h">
      <Filter>头文件</Filter>
    </ClInclude>
    <ClInclude Include="TstImgHoldDays.h">
      <Filter>头文件</Filter>
    </ClInclude>
    <ClInclude Include="AutoLockTime.h">
      <Filter>头文件</Filter>
    </ClInclude>
    <ClInclude Include="StartDelay.h">
      <Filter>头文件</Filter>
    </ClInclude>
  </ItemGroup>
  <ItemGroup>
    <ResourceCompile Include="BlendWndDll.rc">
      <Filter>资源文件</Filter>
    </ResourceCompile>
  </ItemGroup>
  <ItemGroup>
    <Image Include="res\UDE.bmp">
      <Filter>资源文件</Filter>
    </Image>
    <Image Include="res\Std_R.bmp">
      <Filter>资源文件</Filter>
    </Image>
  </ItemGroup>
</Project>