<?xml version="1.0" encoding="utf-8"?>
<Project ToolsVersion="4.0" xmlns="http://schemas.microsoft.com/developer/msbuild/2003">
  <ItemGroup>
    <Filter Include="源文件">
      <UniqueIdentifier>{4FC737F1-C7A5-4376-A066-2A32D752A2FF}</UniqueIdentifier>
      <Extensions>cpp;c;cc;cxx;def;odl;idl;hpj;bat;asm;asmx</Extensions>
    </Filter>
    <Filter Include="头文件">
      <UniqueIdentifier>{93995380-89BD-4b04-88EB-625FBE52EBFB}</UniqueIdentifier>
      <Extensions>h;hpp;hxx;hm;inl;inc;xsd</Extensions>
    </Filter>
    <Filter Include="资源文件">
      <UniqueIdentifier>{67DA6AB6-F800-4c08-8B7A-83BB121AAD01}</UniqueIdentifier>
      <Extensions>rc;ico;cur;bmp;dlg;rc2;rct;bin;rgs;gif;jpg;jpeg;jpe;resx;tiff;tif;png;wav;mfcribbon-ms</Extensions>
    </Filter>
  </ItemGroup>
  <ItemGroup>
    <Text Include="ReadMe.txt" />
  </ItemGroup>
  <ItemGroup>
    <ClInclude Include="UDE_Outlook.h">
      <Filter>头文件</Filter>
    </ClInclude>
    <ClInclude Include="UDE_OutlookDlg.h">
      <Filter>头文件</Filter>
    </ClInclude>
    <ClInclude Include="stdafx.h">
      <Filter>头文件</Filter>
    </ClInclude>
    <ClInclude Include="targetver.h">
      <Filter>头文件</Filter>
    </ClInclude>
    <ClInclude Include="Resource.h">
      <Filter>头文件</Filter>
    </ClInclude>
    <ClInclude Include="CreateProject.h">
      <Filter>头文件</Filter>
    </ClInclude>
    <ClInclude Include="MsgInfoDlg.h">
      <Filter>头文件</Filter>
    </ClInclude>
    <ClInclude Include="ControllerDlg.h">
      <Filter>头文件</Filter>
    </ClInclude>
    <ClInclude Include="ControllerAddDlg.h">
      <Filter>头文件</Filter>
    </ClInclude>
    <ClInclude Include="CamStc.h">
      <Filter>头文件</Filter>
    </ClInclude>
    <ClInclude Include="ViewTop.h">
      <Filter>头文件</Filter>
    </ClInclude>
    <ClInclude Include="TestGroup.h">
      <Filter>头文件</Filter>
    </ClInclude>
    <ClInclude Include="TestLightInfo.h">
      <Filter>头文件</Filter>
    </ClInclude>
    <ClInclude Include="USBCamStc.h">
      <Filter>头文件</Filter>
    </ClInclude>
    <ClInclude Include="ViewDraw.h">
      <Filter>头文件</Filter>
    </ClInclude>
    <ClInclude Include="SampleCollectionDlg.h">
      <Filter>头文件</Filter>
    </ClInclude>
    <ClInclude Include="TestNameInfo.h">
      <Filter>头文件</Filter>
    </ClInclude>
  </ItemGroup>
  <ItemGroup>
    <ClCompile Include="UDE_Outlook.cpp">
      <Filter>源文件</Filter>
    </ClCompile>
    <ClCompile Include="UDE_OutlookDlg.cpp">
      <Filter>源文件</Filter>
    </ClCompile>
    <ClCompile Include="stdafx.cpp">
      <Filter>源文件</Filter>
    </ClCompile>
    <ClCompile Include="CreateProject.cpp">
      <Filter>源文件</Filter>
    </ClCompile>
    <ClCompile Include="MsgInfoDlg.cpp">
      <Filter>源文件</Filter>
    </ClCompile>
    <ClCompile Include="ControllerDlg.cpp">
      <Filter>源文件</Filter>
    </ClCompile>
    <ClCompile Include="ControllerAddDlg.cpp">
      <Filter>源文件</Filter>
    </ClCompile>
    <ClCompile Include="CamStc.cpp">
      <Filter>源文件</Filter>
    </ClCompile>
    <ClCompile Include="ViewTop.cpp">
      <Filter>源文件</Filter>
    </ClCompile>
    <ClCompile Include="TestGroup.cpp">
      <Filter>源文件</Filter>
    </ClCompile>
    <ClCompile Include="TestLightInfo.cpp">
      <Filter>源文件</Filter>
    </ClCompile>
    <ClCompile Include="USBCamStc.cpp">
      <Filter>源文件</Filter>
    </ClCompile>
    <ClCompile Include="ViewDraw.cpp">
      <Filter>源文件</Filter>
    </ClCompile>
    <ClCompile Include="SampleCollectionDlg.cpp">
      <Filter>源文件</Filter>
    </ClCompile>
    <ClCompile Include="TestNameInfo.cpp">
      <Filter>源文件</Filter>
    </ClCompile>
  </ItemGroup>
  <ItemGroup>
    <ResourceCompile Include="UDE_Outlook.rc">
      <Filter>资源文件</Filter>
    </ResourceCompile>
  </ItemGroup>
  <ItemGroup>
    <None Include="res\UDE_Outlook.rc2">
      <Filter>资源文件</Filter>
    </None>
  </ItemGroup>
  <ItemGroup>
    <Image Include="res\UDE_Outlook.ico">
      <Filter>资源文件</Filter>
    </Image>
    <Image Include="res\bitmap1.bmp">
      <Filter>资源文件</Filter>
    </Image>
    <Image Include="res\bitmap2.bmp">
      <Filter>资源文件</Filter>
    </Image>
    <Image Include="..\Debug\Delete_1.png">
      <Filter>资源文件</Filter>
    </Image>
  </ItemGroup>
</Project>